
Microsoft Visual Studio Solution File, Format Version 12.00
# Visual Studio Version 17
VisualStudioVersion = 17.12.35707.178
MinimumVisualStudioVersion = 10.0.40219.1
Project("{FAE04EC0-301F-11D3-BF4B-00C04F79EFBC}") = "Domain", "Domain\Domain.csproj", "{79144965-874D-411D-9B42-C86BF5E62774}"
EndProject
Project("{FAE04EC0-301F-11D3-BF4B-00C04F79EFBC}") = "Contracts", "Contracts\Contracts.csproj", "{5DFEC9F6-AB5E-416B-BA64-4A9F384634CC}"
EndProject
Project("{FAE04EC0-301F-11D3-BF4B-00C04F79EFBC}") = "Application", "Application\Application.csproj", "{4872CA72-B291-48F9-8E06-113A93A95B19}"
EndProject
Project("{FAE04EC0-301F-11D3-BF4B-00C04F79EFBC}") = "Infrastructure.Context", "Infrastructure.Context\Infrastructure.Context.csproj", "{DF524F42-87BE-4068-A561-7B1A9A3A20EA}"
EndProject
Project("{FAE04EC0-301F-11D3-BF4B-00C04F79EFBC}") = "Infrastructure.Repository", "Infrastructure.Repository\Infrastructure.Repository.csproj", "{1F56E4FD-139C-4023-B7F6-BA1E01050B9B}"
EndProject
Project("{FAE04EC0-301F-11D3-BF4B-00C04F79EFBC}") = "WebApi", "WebApi\WebApi.csproj", "{E899C6CE-7397-477B-9544-E58B439B3429}"
EndProject
Project("{2150E333-8FDC-42A3-9474-1A3956D46DE8}") = "Common", "Common", "{02EA681E-C7D8-13C7-8484-4AC65E1B71E8}"
EndProject
Project("{FAE04EC0-301F-11D3-BF4B-00C04F79EFBC}") = "Webgostar.Framework.Base", "..\Framework\Webgostar.Framework.Base\Webgostar.Framework.Base.csproj", "{4469C3FC-84FB-5313-C578-B243D0AB2EA9}"
EndProject
Project("{FAE04EC0-301F-11D3-BF4B-00C04F79EFBC}") = "Webgostar.Framework.Application", "..\Framework\Webgostar.Framework.Application\Webgostar.Framework.Application.csproj", "{8CD0BEA9-635F-4BA0-4309-7164CCA9FF59}"
EndProject
Project("{FAE04EC0-301F-11D3-BF4B-00C04F79EFBC}") = "Webgostar.Framework.Domain", "..\Framework\Webgostar.Framework.Domain\Webgostar.Framework.Domain.csproj", "{83C96A14-FFE3-E73E-24AD-8F6E0D6EB2E1}"
EndProject
Project("{FAE04EC0-301F-11D3-BF4B-00C04F79EFBC}") = "Webgostar.Framework.Infrastructure", "..\Framework\Webgostar.Framework.Infrastructure\Webgostar.Framework.Infrastructure.csproj", "{FDF2F901-5152-8F71-6E57-197FE66B7057}"
EndProject
Project("{FAE04EC0-301F-11D3-BF4B-00C04F79EFBC}") = "Webgostar.Framework.Presentation.Web", "..\Framework\Webgostar.Framework.Presentation.Web\Webgostar.Framework.Presentation.Web.csproj", "{9DB44550-DA5F-2BB3-1E10-AD240E970D8D}"
EndProject
Global
	GlobalSection(SolutionConfigurationPlatforms) = preSolution
		Debug|Any CPU = Debug|Any CPU
		Release|Any CPU = Release|Any CPU
	EndGlobalSection
	GlobalSection(ProjectConfigurationPlatforms) = postSolution
		{79144965-874D-411D-9B42-C86BF5E62774}.Debug|Any CPU.ActiveCfg = Debug|Any CPU
		{79144965-874D-411D-9B42-C86BF5E62774}.Debug|Any CPU.Build.0 = Debug|Any CPU
		{79144965-874D-411D-9B42-C86BF5E62774}.Release|Any CPU.ActiveCfg = Release|Any CPU
		{79144965-874D-411D-9B42-C86BF5E62774}.Release|Any CPU.Build.0 = Release|Any CPU
		{5DFEC9F6-AB5E-416B-BA64-4A9F384634CC}.Debug|Any CPU.ActiveCfg = Debug|Any CPU
		{5DFEC9F6-AB5E-416B-BA64-4A9F384634CC}.Debug|Any CPU.Build.0 = Debug|Any CPU
		{5DFEC9F6-AB5E-416B-BA64-4A9F384634CC}.Release|Any CPU.ActiveCfg = Release|Any CPU
		{5DFEC9F6-AB5E-416B-BA64-4A9F384634CC}.Release|Any CPU.Build.0 = Release|Any CPU
		{4872CA72-B291-48F9-8E06-113A93A95B19}.Debug|Any CPU.ActiveCfg = Debug|Any CPU
		{4872CA72-B291-48F9-8E06-113A93A95B19}.Debug|Any CPU.Build.0 = Debug|Any CPU
		{4872CA72-B291-48F9-8E06-113A93A95B19}.Release|Any CPU.ActiveCfg = Release|Any CPU
		{4872CA72-B291-48F9-8E06-113A93A95B19}.Release|Any CPU.Build.0 = Release|Any CPU
		{DF524F42-87BE-4068-A561-7B1A9A3A20EA}.Debug|Any CPU.ActiveCfg = Debug|Any CPU
		{DF524F42-87BE-4068-A561-7B1A9A3A20EA}.Debug|Any CPU.Build.0 = Debug|Any CPU
		{DF524F42-87BE-4068-A561-7B1A9A3A20EA}.Release|Any CPU.ActiveCfg = Release|Any CPU
		{DF524F42-87BE-4068-A561-7B1A9A3A20EA}.Release|Any CPU.Build.0 = Release|Any CPU
		{1F56E4FD-139C-4023-B7F6-BA1E01050B9B}.Debug|Any CPU.ActiveCfg = Debug|Any CPU
		{1F56E4FD-139C-4023-B7F6-BA1E01050B9B}.Debug|Any CPU.Build.0 = Debug|Any CPU
		{1F56E4FD-139C-4023-B7F6-BA1E01050B9B}.Release|Any CPU.ActiveCfg = Release|Any CPU
		{1F56E4FD-139C-4023-B7F6-BA1E01050B9B}.Release|Any CPU.Build.0 = Release|Any CPU
		{E899C6CE-7397-477B-9544-E58B439B3429}.Debug|Any CPU.ActiveCfg = Debug|Any CPU
		{E899C6CE-7397-477B-9544-E58B439B3429}.Debug|Any CPU.Build.0 = Debug|Any CPU
		{E899C6CE-7397-477B-9544-E58B439B3429}.Release|Any CPU.ActiveCfg = Release|Any CPU
		{E899C6CE-7397-477B-9544-E58B439B3429}.Release|Any CPU.Build.0 = Release|Any CPU
		{4469C3FC-84FB-5313-C578-B243D0AB2EA9}.Debug|Any CPU.ActiveCfg = Debug|Any CPU
		{4469C3FC-84FB-5313-C578-B243D0AB2EA9}.Debug|Any CPU.Build.0 = Debug|Any CPU
		{4469C3FC-84FB-5313-C578-B243D0AB2EA9}.Release|Any CPU.ActiveCfg = Release|Any CPU
		{4469C3FC-84FB-5313-C578-B243D0AB2EA9}.Release|Any CPU.Build.0 = Release|Any CPU
		{8CD0BEA9-635F-4BA0-4309-7164CCA9FF59}.Debug|Any CPU.ActiveCfg = Debug|Any CPU
		{8CD0BEA9-635F-4BA0-4309-7164CCA9FF59}.Debug|Any CPU.Build.0 = Debug|Any CPU
		{8CD0BEA9-635F-4BA0-4309-7164CCA9FF59}.Release|Any CPU.ActiveCfg = Release|Any CPU
		{8CD0BEA9-635F-4BA0-4309-7164CCA9FF59}.Release|Any CPU.Build.0 = Release|Any CPU
		{83C96A14-FFE3-E73E-24AD-8F6E0D6EB2E1}.Debug|Any CPU.ActiveCfg = Debug|Any CPU
		{83C96A14-FFE3-E73E-24AD-8F6E0D6EB2E1}.Debug|Any CPU.Build.0 = Debug|Any CPU
		{83C96A14-FFE3-E73E-24AD-8F6E0D6EB2E1}.Release|Any CPU.ActiveCfg = Release|Any CPU
		{83C96A14-FFE3-E73E-24AD-8F6E0D6EB2E1}.Release|Any CPU.Build.0 = Release|Any CPU
		{FDF2F901-5152-8F71-6E57-197FE66B7057}.Debug|Any CPU.ActiveCfg = Debug|Any CPU
		{FDF2F901-5152-8F71-6E57-197FE66B7057}.Debug|Any CPU.Build.0 = Debug|Any CPU
		{FDF2F901-5152-8F71-6E57-197FE66B7057}.Release|Any CPU.ActiveCfg = Release|Any CPU
		{FDF2F901-5152-8F71-6E57-197FE66B7057}.Release|Any CPU.Build.0 = Release|Any CPU
		{9DB44550-DA5F-2BB3-1E10-AD240E970D8D}.Debug|Any CPU.ActiveCfg = Debug|Any CPU
		{9DB44550-DA5F-2BB3-1E10-AD240E970D8D}.Debug|Any CPU.Build.0 = Debug|Any CPU
		{9DB44550-DA5F-2BB3-1E10-AD240E970D8D}.Release|Any CPU.ActiveCfg = Release|Any CPU
		{9DB44550-DA5F-2BB3-1E10-AD240E970D8D}.Release|Any CPU.Build.0 = Release|Any CPU
	EndGlobalSection
	GlobalSection(SolutionProperties) = preSolution
		HideSolutionNode = FALSE
	EndGlobalSection
	GlobalSection(NestedProjects) = preSolution
		{4469C3FC-84FB-5313-C578-B243D0AB2EA9} = {02EA681E-C7D8-13C7-8484-4AC65E1B71E8}
		{8CD0BEA9-635F-4BA0-4309-7164CCA9FF59} = {02EA681E-C7D8-13C7-8484-4AC65E1B71E8}
		{83C96A14-FFE3-E73E-24AD-8F6E0D6EB2E1} = {02EA681E-C7D8-13C7-8484-4AC65E1B71E8}
		{FDF2F901-5152-8F71-6E57-197FE66B7057} = {02EA681E-C7D8-13C7-8484-4AC65E1B71E8}
		{9DB44550-DA5F-2BB3-1E10-AD240E970D8D} = {02EA681E-C7D8-13C7-8484-4AC65E1B71E8}
	EndGlobalSection
	GlobalSection(ExtensibilityGlobals) = postSolution
		SolutionGuid = {8060AF98-0510-4703-9AB5-79D301F51028}
	EndGlobalSection
EndGlobal
